
Microsoft Visual Studio Solution File, Format Version 12.00
# Visual Studio Version 16
VisualStudioVersion = 16.0.30404.54
MinimumVisualStudioVersion = 10.0.40219.1
Project("{FAE04EC0-301F-11D3-BF4B-00C04F79EFBC}") = "DuckAntiAliasingMod", "DuckAntiAliasingMod\DuckAntiAliasingMod.csproj", "{FCF0FC3E-524B-4D24-BE14-3C305E0E19CA}"
EndProject
Global
	GlobalSection(SolutionConfigurationPlatforms) = preSolution
		Debug|Any CPU = Debug|Any CPU
		Release|Any CPU = Release|Any CPU
	EndGlobalSection
	GlobalSection(ProjectConfigurationPlatforms) = postSolution
		{FCF0FC3E-524B-4D24-BE14-3C305E0E19CA}.Debug|Any CPU.ActiveCfg = Debug|Any CPU
		{FCF0FC3E-524B-4D24-BE14-3C305E0E19CA}.Debug|Any CPU.Build.0 = Debug|Any CPU
		{FCF0FC3E-524B-4D24-BE14-3C305E0E19CA}.Release|Any CPU.ActiveCfg = Release|Any CPU
		{FCF0FC3E-524B-4D24-BE14-3C305E0E19CA}.Release|Any CPU.Build.0 = Release|Any CPU
	EndGlobalSection
	GlobalSection(SolutionProperties) = preSolution
		HideSolutionNode = FALSE
	EndGlobalSection
	GlobalSection(ExtensibilityGlobals) = postSolution
		SolutionGuid = {DB3AC415-D05C-48EF-B5DB-B09B90DA19C1}
	EndGlobalSection
EndGlobal
